{
  "name": "zellij",
  "version": "1.0.0",
  "lockfileVersion": 3,
  "requires": true,
  "packages": {
    "": {
      "name": "zellij",
      "version": "1.0.0",
      "dependencies": {
        "@bgotink/prettier-plugin-kdl": "^0.1.3"
      }
    },
    "node_modules/@bgotink/kdl": {
      "version": "0.1.6",
      "resolved": "https://registry.npmjs.org/@bgotink/kdl/-/kdl-0.1.6.tgz",
      "integrity": "sha512-7xLM6wg76hnMdLi+mBZe1KcAwav2Q4U4XGSbS9fAHHmRvK0ntQTqm4ryYXrWjSncYIfz2u1mLMvMQQ1+EcgKLA=="
    },
    "node_modules/@bgotink/prettier-plugin-kdl": {
      "version": "0.1.3",
      "resolved": "https://registry.npmjs.org/@bgotink/prettier-plugin-kdl/-/prettier-plugin-kdl-0.1.3.tgz",
      "integrity": "sha512-ga7zBj5m3XUrJIqWR8UEFObyWU6J1V1D02beFjKj21ZmG+jZmQ39INxyIONapO2I8JgcLVn1vaB9tkpHjDZFqQ==",
      "dependencies": {
        "@bgotink/kdl": "^0.1.4"
      },
      "peerDependencies": {
        "prettier": "^2.7.1 || ^3.0.3"
      }
    },
    "node_modules/prettier": {
      "version": "3.3.3",
      "resolved": "https://registry.npmjs.org/prettier/-/prettier-3.3.3.tgz",
      "integrity": "sha512-i2tDNA0O5IrMO757lfrdQZCc2jPNDVntV0m/+4whiDfWaTKfMNgR7Qz0NAeGz/nRqF4m5/6CLzbP4/liHt12Ew==",
      "peer": true,
      "bin": {
        "prettier": "bin/prettier.cjs"
      },
      "engines": {
        "node": ">=14"
      },
      "funding": {
        "url": "https://github.com/prettier/prettier?sponsor=1"
      }
    }
  }
}
